
Microsoft Visual Studio Solution File, Format Version 12.00
# Visual Studio Version 16
VisualStudioVersion = 16.0.31019.35
MinimumVisualStudioVersion = 10.0.40219.1
Project("{2150E333-8FDC-42A3-9474-1A3956D46DE8}") = "BankProject", "BankProject", "{1D7162F5-F651-4541-989F-85CE7818F6BE}"
EndProject
Project("{2150E333-8FDC-42A3-9474-1A3956D46DE8}") = "Application", "Application", "{96044A65-7D0C-4049-AB6F-EC109DEB4154}"
EndProject
Project("{2150E333-8FDC-42A3-9474-1A3956D46DE8}") = "Domain", "Domain", "{234E3B31-E394-46CB-8823-8D06BEFE17A9}"
EndProject
Project("{2150E333-8FDC-42A3-9474-1A3956D46DE8}") = "Infrastructure", "Infrastructure", "{EBB5FAAE-1C94-47AC-A0E4-CFEBF1085A84}"
EndProject
Project("{2150E333-8FDC-42A3-9474-1A3956D46DE8}") = "Framework", "Framework", "{33F5FA4B-2920-4959-96AE-AAD54B438AF0}"
EndProject
Project("{9A19103F-16F7-4668-BE54-9A1E7A4F7556}") = "Framework.Core", "Framework.Core\Framework.Core.csproj", "{40CEDBCD-C80B-4E12-AEEE-0BE046835178}"
EndProject
Project("{9A19103F-16F7-4668-BE54-9A1E7A4F7556}") = "Framework.Domain", "Framework.Domain\Framework.Domain.csproj", "{B4CC2A5D-F254-4AB9-869C-E70108396B7C}"
EndProject
Project("{9A19103F-16F7-4668-BE54-9A1E7A4F7556}") = "Infrastructure.EF", "Infrastructure.EF\Infrastructure.EF.csproj", "{6D9D3405-BF68-4B84-A3B0-3AC901ABE9C8}"
EndProject
Project("{9A19103F-16F7-4668-BE54-9A1E7A4F7556}") = "Framework.EntityFramework", "Framework.EntityFramework\Framework.EntityFramework.csproj", "{9E0C2880-08C7-45A6-BE4E-5C6BA9C2D63B}"
EndProject
Project("{9A19103F-16F7-4668-BE54-9A1E7A4F7556}") = "ConfigurPrj", "ConfigurPrj\ConfigurPrj.csproj", "{0385C8D4-EF5A-4ACC-9C72-6C3BED03C115}"
EndProject
Project("{9A19103F-16F7-4668-BE54-9A1E7A4F7556}") = "BankApplication", "BankApplication\BankApplication.csproj", "{B84E5630-E6CB-4227-B467-F9133F8D0E54}"
EndProject
Project("{9A19103F-16F7-4668-BE54-9A1E7A4F7556}") = "BankPrj.Domain", "BankPrj.Domain\BankPrj.Domain.csproj", "{49E96229-B958-4C71-B5FE-EE56D2FE07FF}"
EndProject
Project("{FAE04EC0-301F-11D3-BF4B-00C04F79EFBC}") = "InterfaceUI", "InterfaceUI\InterfaceUI.csproj", "{4AB6D980-6E9A-4806-8F48-647E9206B6B3}"
EndProject
Global
	GlobalSection(SolutionConfigurationPlatforms) = preSolution
		Debug|Any CPU = Debug|Any CPU
		Release|Any CPU = Release|Any CPU
	EndGlobalSection
	GlobalSection(ProjectConfigurationPlatforms) = postSolution
		{40CEDBCD-C80B-4E12-AEEE-0BE046835178}.Debug|Any CPU.ActiveCfg = Debug|Any CPU
		{40CEDBCD-C80B-4E12-AEEE-0BE046835178}.Debug|Any CPU.Build.0 = Debug|Any CPU
		{40CEDBCD-C80B-4E12-AEEE-0BE046835178}.Release|Any CPU.ActiveCfg = Release|Any CPU
		{40CEDBCD-C80B-4E12-AEEE-0BE046835178}.Release|Any CPU.Build.0 = Release|Any CPU
		{B4CC2A5D-F254-4AB9-869C-E70108396B7C}.Debug|Any CPU.ActiveCfg = Debug|Any CPU
		{B4CC2A5D-F254-4AB9-869C-E70108396B7C}.Debug|Any CPU.Build.0 = Debug|Any CPU
		{B4CC2A5D-F254-4AB9-869C-E70108396B7C}.Release|Any CPU.ActiveCfg = Release|Any CPU
		{B4CC2A5D-F254-4AB9-869C-E70108396B7C}.Release|Any CPU.Build.0 = Release|Any CPU
		{6D9D3405-BF68-4B84-A3B0-3AC901ABE9C8}.Debug|Any CPU.ActiveCfg = Debug|Any CPU
		{6D9D3405-BF68-4B84-A3B0-3AC901ABE9C8}.Debug|Any CPU.Build.0 = Debug|Any CPU
		{6D9D3405-BF68-4B84-A3B0-3AC901ABE9C8}.Release|Any CPU.ActiveCfg = Release|Any CPU
		{6D9D3405-BF68-4B84-A3B0-3AC901ABE9C8}.Release|Any CPU.Build.0 = Release|Any CPU
		{9E0C2880-08C7-45A6-BE4E-5C6BA9C2D63B}.Debug|Any CPU.ActiveCfg = Debug|Any CPU
		{9E0C2880-08C7-45A6-BE4E-5C6BA9C2D63B}.Debug|Any CPU.Build.0 = Debug|Any CPU
		{9E0C2880-08C7-45A6-BE4E-5C6BA9C2D63B}.Release|Any CPU.ActiveCfg = Release|Any CPU
		{9E0C2880-08C7-45A6-BE4E-5C6BA9C2D63B}.Release|Any CPU.Build.0 = Release|Any CPU
		{0385C8D4-EF5A-4ACC-9C72-6C3BED03C115}.Debug|Any CPU.ActiveCfg = Debug|Any CPU
		{0385C8D4-EF5A-4ACC-9C72-6C3BED03C115}.Debug|Any CPU.Build.0 = Debug|Any CPU
		{0385C8D4-EF5A-4ACC-9C72-6C3BED03C115}.Release|Any CPU.ActiveCfg = Release|Any CPU
		{0385C8D4-EF5A-4ACC-9C72-6C3BED03C115}.Release|Any CPU.Build.0 = Release|Any CPU
		{B84E5630-E6CB-4227-B467-F9133F8D0E54}.Debug|Any CPU.ActiveCfg = Debug|Any CPU
		{B84E5630-E6CB-4227-B467-F9133F8D0E54}.Debug|Any CPU.Build.0 = Debug|Any CPU
		{B84E5630-E6CB-4227-B467-F9133F8D0E54}.Release|Any CPU.ActiveCfg = Release|Any CPU
		{B84E5630-E6CB-4227-B467-F9133F8D0E54}.Release|Any CPU.Build.0 = Release|Any CPU
		{49E96229-B958-4C71-B5FE-EE56D2FE07FF}.Debug|Any CPU.ActiveCfg = Debug|Any CPU
		{49E96229-B958-4C71-B5FE-EE56D2FE07FF}.Debug|Any CPU.Build.0 = Debug|Any CPU
		{49E96229-B958-4C71-B5FE-EE56D2FE07FF}.Release|Any CPU.ActiveCfg = Release|Any CPU
		{49E96229-B958-4C71-B5FE-EE56D2FE07FF}.Release|Any CPU.Build.0 = Release|Any CPU
		{4AB6D980-6E9A-4806-8F48-647E9206B6B3}.Debug|Any CPU.ActiveCfg = Debug|Any CPU
		{4AB6D980-6E9A-4806-8F48-647E9206B6B3}.Debug|Any CPU.Build.0 = Debug|Any CPU
		{4AB6D980-6E9A-4806-8F48-647E9206B6B3}.Release|Any CPU.ActiveCfg = Release|Any CPU
		{4AB6D980-6E9A-4806-8F48-647E9206B6B3}.Release|Any CPU.Build.0 = Release|Any CPU
	EndGlobalSection
	GlobalSection(SolutionProperties) = preSolution
		HideSolutionNode = FALSE
	EndGlobalSection
	GlobalSection(NestedProjects) = preSolution
		{96044A65-7D0C-4049-AB6F-EC109DEB4154} = {1D7162F5-F651-4541-989F-85CE7818F6BE}
		{234E3B31-E394-46CB-8823-8D06BEFE17A9} = {1D7162F5-F651-4541-989F-85CE7818F6BE}
		{EBB5FAAE-1C94-47AC-A0E4-CFEBF1085A84} = {1D7162F5-F651-4541-989F-85CE7818F6BE}
		{40CEDBCD-C80B-4E12-AEEE-0BE046835178} = {33F5FA4B-2920-4959-96AE-AAD54B438AF0}
		{B4CC2A5D-F254-4AB9-869C-E70108396B7C} = {33F5FA4B-2920-4959-96AE-AAD54B438AF0}
		{6D9D3405-BF68-4B84-A3B0-3AC901ABE9C8} = {EBB5FAAE-1C94-47AC-A0E4-CFEBF1085A84}
		{9E0C2880-08C7-45A6-BE4E-5C6BA9C2D63B} = {33F5FA4B-2920-4959-96AE-AAD54B438AF0}
		{0385C8D4-EF5A-4ACC-9C72-6C3BED03C115} = {1D7162F5-F651-4541-989F-85CE7818F6BE}
		{B84E5630-E6CB-4227-B467-F9133F8D0E54} = {96044A65-7D0C-4049-AB6F-EC109DEB4154}
		{49E96229-B958-4C71-B5FE-EE56D2FE07FF} = {234E3B31-E394-46CB-8823-8D06BEFE17A9}
	EndGlobalSection
	GlobalSection(ExtensibilityGlobals) = postSolution
		SolutionGuid = {7B7D745F-DC1E-4DAE-9E04-020B7A2F3FA4}
	EndGlobalSection
EndGlobal
